{
  "nodes": {
    "baselineKorri": {
      "inputs": {
        "crane": "crane",
        "flake-utils": "flake-utils",
        "inputplumber-nixpkgs": "inputplumber-nixpkgs",
        "nixpkgs": "nixpkgs",
        "plugins": "plugins",
        "proseql": "proseql",
        "rust-overlay": "rust-overlay"
      },
      "locked": {
        "lastModified": 1790467006,
        "narHash": "sha256-dWI1kgol5VErK7Ju6S3f1mrAmT6dN7wDkLgAyeLohFI=",
        "owner": "korri-os",
        "repo": "korri",
        "rev": "1a988da5318ba5c8503c0e260bd169b57e4df4ca",
        "type": "github"
      },
      "original": {
        "owner": "korri-os",
        "repo": "korri",
        "rev": "1a988da5318ba5c8503c0e260bd169b57e4df4ca",
        "type": "github"
      }
    },
    "crane": {
      "locked": {
        "lastModified": 1785284101,
        "narHash": "sha256-ghcXEpYEM4a7pbEkoqbn8c0ptJJqgGzuFiG3T6W5g4I=",
        "owner": "ipetkov",
        "repo": "crane",
        "rev": "756d6d07c3818ea95d1e2cdac63fa7d02fe3e61b",
        "type": "github"
      },
      "original": {
        "owner": "ipetkov",
        "repo": "crane",
        "type": "github"
      }
    },
    "crane_2": {
      "locked": {
        "lastModified": 1785284101,
        "narHash": "sha256-ghcXEpYEM4a7pbEkoqbn8c0ptJJqgGzuFiG3T6W5g4I=",
        "owner": "ipetkov",
        "repo": "crane",
        "rev": "756d6d07c3818ea95d1e2cdac63fa7d02fe3e61b",
        "type": "github"
      },
      "original": {
        "owner": "ipetkov",
        "repo": "crane",
        "type": "github"
      }
    },
    "flake-utils": {
      "inputs": {
        "systems": "systems"
      },
      "locked": {
        "lastModified": 1731533236,
        "narHash": "sha256-l0KFg5HjrsfsO/JpG+r7fRrqm12kzFHyUHqHCVpMMbI=",
        "owner": "numtide",
        "repo": "flake-utils",
        "rev": "11707dc2f618dd54ca8739b309ec4fc024de578b",
        "type": "github"
      },
      "original": {
        "owner": "numtide",
        "repo": "flake-utils",
        "type": "github"
      }
    },
    "flake-utils_2": {
      "inputs": {
        "systems": "systems_2"
      },
      "locked": {
        "lastModified": 1731533236,
        "narHash": "sha256-l0KFg5HjrsfsO/JpG+r7fRrqm12kzFHyUHqHCVpMMbI=",
        "owner": "numtide",
        "repo": "flake-utils",
        "rev": "11707dc2f618dd54ca8739b309ec4fc024de578b",
        "type": "github"
      },
      "original": {
        "owner": "numtide",
        "repo": "flake-utils",
        "type": "github"
      }
    },
    "inputplumber-nixpkgs": {
      "locked": {
        "lastModified": 1773268795,
        "narHash": "sha256-Uf9UIDZE1Obwn2JLNo9pgZBNWxWLqukNYaAKetVmL28=",
        "owner": "NixOS",
        "repo": "nixpkgs",
        "rev": "9a37a7b2ae651b6182ef08d0d446a964339bcdfe",
        "type": "github"
      },
      "original": {
        "owner": "NixOS",
        "repo": "nixpkgs",
        "rev": "9a37a7b2ae651b6182ef08d0d446a964339bcdfe",
        "type": "github"
      }
    },
    "inputplumber-nixpkgs_2": {
      "locked": {
        "lastModified": 1773268795,
        "narHash": "sha256-Uf9UIDZE1Obwn2JLNo9pgZBNWxWLqukNYaAKetVmL28=",
        "owner": "NixOS",
        "repo": "nixpkgs",
        "rev": "9a37a7b2ae651b6182ef08d0d446a964339bcdfe",
        "type": "github"
      },
      "original": {
        "owner": "NixOS",
        "repo": "nixpkgs",
        "rev": "9a37a7b2ae651b6182ef08d0d446a964339bcdfe",
        "type": "github"
      }
    },
    "korri": {
      "inputs": {
        "crane": "crane_2",
        "flake-utils": "flake-utils_2",
        "inputplumber-nixpkgs": "inputplumber-nixpkgs_2",
        "nixpkgs": "nixpkgs_2",
        "plugins": "plugins_2",
        "proseql": "proseql_2",
        "rust-overlay": "rust-overlay_2"
      },
      "locked": {
        "lastModified": 1790641478,
        "narHash": "sha256-tREV7YYTK+XcFK3HdalDW4Pvrlwwo4d8RuhqFaohmjI=",
        "owner": "korri-os",
        "repo": "korri",
        "rev": "772e51f559108fddbccb1bd0fc6a10bd6abde782",
        "type": "github"
      },
      "original": {
        "owner": "korri-os",
        "repo": "korri",
        "type": "github"
      }
    },
    "nixpkgs": {
      "locked": {
        "lastModified": 1766309749,
        "narHash": "sha256-3xY8CZ4rSnQ0NqGhMKAy5vgC+2IVK0NoVEzDoOh4DA4=",
        "owner": "NixOS",
        "repo": "nixpkgs",
        "rev": "a6531044f6d0bef691ea18d4d4ce44d0daa6e816",
        "type": "github"
      },
      "original": {
        "owner": "NixOS",
        "ref": "nixos-unstable",
        "repo": "nixpkgs",
        "type": "github"
      }
    },
    "nixpkgs_2": {
      "locked": {
        "lastModified": 1766309749,
        "narHash": "sha256-3xY8CZ4rSnQ0NqGhMKAy5vgC+2IVK0NoVEzDoOh4DA4=",
        "owner": "NixOS",
        "repo": "nixpkgs",
        "rev": "a6531044f6d0bef691ea18d4d4ce44d0daa6e816",
        "type": "github"
      },
      "original": {
        "owner": "NixOS",
        "ref": "nixos-unstable",
        "repo": "nixpkgs",
        "type": "github"
      }
    },
    "plugins": {
      "flake": false,
      "locked": {
        "lastModified": 1790429043,
        "narHash": "sha256-XlFnGn2aGj6NDBd12ZiBLaOiWugfGuygbStNUQsGF+s=",
        "owner": "korri-os",
        "repo": "plugins",
        "rev": "46b91cb7fcb0f8ac7db4fd308ef3b9c53373e697",
        "type": "github"
      },
      "original": {
        "owner": "korri-os",
        "repo": "plugins",
        "type": "github"
      }
    },
    "plugins_2": {
      "flake": false,
      "locked": {
        "lastModified": 1790468969,
        "narHash": "sha256-pS0r8bEjHebQ+okrxhBKgt3rvjST7OQDOTgp+VvlLWs=",
        "owner": "korri-os",
        "repo": "plugins",
        "rev": "03873007ef46f98bbb8a3059d19dc76a67b0885f",
        "type": "github"
      },
      "original": {
        "owner": "korri-os",
        "repo": "plugins",
        "type": "github"
      }
    },
    "proseql": {
      "flake": false,
      "locked": {
        "lastModified": 1785529631,
        "narHash": "sha256-lCNAutPfiqWtwjy5wSYLi+kDSRKdBRBGRAb+H2WUtAg=",
        "owner": "simonwjackson",
        "repo": "proseql",
        "rev": "7ba57cf17c01b15ccdb030237a96b6376a349253",
        "type": "github"
      },
      "original": {
        "owner": "simonwjackson",
        "repo": "proseql",
        "rev": "7ba57cf17c01b15ccdb030237a96b6376a349253",
        "type": "github"
      }
    },
    "proseql_2": {
      "flake": false,
      "locked": {
        "lastModified": 1785529631,
        "narHash": "sha256-lCNAutPfiqWtwjy5wSYLi+kDSRKdBRBGRAb+H2WUtAg=",
        "owner": "simonwjackson",
        "repo": "proseql",
        "rev": "7ba57cf17c01b15ccdb030237a96b6376a349253",
        "type": "github"
      },
      "original": {
        "owner": "simonwjackson",
        "repo": "proseql",
        "rev": "7ba57cf17c01b15ccdb030237a96b6376a349253",
        "type": "github"
      }
    },
    "root": {
      "inputs": {
        "baselineKorri": "baselineKorri",
        "korri": "korri"
      }
    },
    "rust-overlay": {
      "inputs": {
        "nixpkgs": [
          "baselineKorri",
          "nixpkgs"
        ]
      },
      "locked": {
        "lastModified": 1785302874,
        "narHash": "sha256-fpKEww3TJoo1ANHO2q918ei+ayOrp0YEQAO1DuBLOB4=",
        "owner": "oxalica",
        "repo": "rust-overlay",
        "rev": "b99d48435bc3e34309d2c7ae6f7d45e77a156c38",
        "type": "github"
      },
      "original": {
        "owner": "oxalica",
        "repo": "rust-overlay",
        "type": "github"
      }
    },
    "rust-overlay_2": {
      "inputs": {
        "nixpkgs": [
          "korri",
          "nixpkgs"
        ]
      },
      "locked": {
        "lastModified": 1785302874,
        "narHash": "sha256-fpKEww3TJoo1ANHO2q918ei+ayOrp0YEQAO1DuBLOB4=",
        "owner": "oxalica",
        "repo": "rust-overlay",
        "rev": "b99d48435bc3e34309d2c7ae6f7d45e77a156c38",
        "type": "github"
      },
      "original": {
        "owner": "oxalica",
        "repo": "rust-overlay",
        "type": "github"
      }
    },
    "systems": {
      "locked": {
        "lastModified": 1681028828,
        "narHash": "sha256-Vy1rq5AaRuLzOxct8nz4T6wlgyUR7zLU309k9mBC768=",
        "owner": "nix-systems",
        "repo": "default",
        "rev": "da67096a3b9bf56a91d16901293e51ba5b49a27e",
        "type": "github"
      },
      "original": {
        "owner": "nix-systems",
        "repo": "default",
        "type": "github"
      }
    },
    "systems_2": {
      "locked": {
        "lastModified": 1681028828,
        "narHash": "sha256-Vy1rq5AaRuLzOxct8nz4T6wlgyUR7zLU309k9mBC768=",
        "owner": "nix-systems",
        "repo": "default",
        "rev": "da67096a3b9bf56a91d16901293e51ba5b49a27e",
        "type": "github"
      },
      "original": {
        "owner": "nix-systems",
        "repo": "default",
        "type": "github"
      }
    }
  },
  "root": "root",
  "version": 7
}
